
Microsoft Visual Studio Solution File, Format Version 12.00
# Visual Studio Version 16
VisualStudioVersion = 16.0.31729.503
MinimumVisualStudioVersion = 10.0.40219.1
Project("{FAE04EC0-301F-11D3-BF4B-00C04F79EFBC}") = "algo_midterm", "algo_midterm\algo_midterm.csproj", "{AD4BD0E3-688C-415C-A0CB-65B96A033545}"
EndProject
Global
	GlobalSection(SolutionConfigurationPlatforms) = preSolution
		Debug|Any CPU = Debug|Any CPU
		Release|Any CPU = Release|Any CPU
	EndGlobalSection
	GlobalSection(ProjectConfigurationPlatforms) = postSolution
		{AD4BD0E3-688C-415C-A0CB-65B96A033545}.Debug|Any CPU.ActiveCfg = Debug|Any CPU
		{AD4BD0E3-688C-415C-A0CB-65B96A033545}.Debug|Any CPU.Build.0 = Debug|Any CPU
		{AD4BD0E3-688C-415C-A0CB-65B96A033545}.Release|Any CPU.ActiveCfg = Release|Any CPU
		{AD4BD0E3-688C-415C-A0CB-65B96A033545}.Release|Any CPU.Build.0 = Release|Any CPU
	EndGlobalSection
	GlobalSection(SolutionProperties) = preSolution
		HideSolutionNode = FALSE
	EndGlobalSection
	GlobalSection(ExtensibilityGlobals) = postSolution
		SolutionGuid = {C0DCBB83-A287-496D-A082-5AD4CBDA73BD}
	EndGlobalSection
EndGlobal
